
Microsoft Visual Studio Solution File, Format Version 12.00
# Visual Studio Version 16
VisualStudioVersion = 16.0.29613.14
MinimumVisualStudioVersion = 10.0.40219.1
Project("{FAE04EC0-301F-11D3-BF4B-00C04F79EFBC}") = "EntityFrameWorkExamples", "EntityFrameWorkExamples\EntityFrameWorkExamples.csproj", "{2805C62E-E19D-4DC7-AE32-6E4F6E8D19C3}"
EndProject
Global
	GlobalSection(SolutionConfigurationPlatforms) = preSolution
		Debug|Any CPU = Debug|Any CPU
		Release|Any CPU = Release|Any CPU
	EndGlobalSection
	GlobalSection(ProjectConfigurationPlatforms) = postSolution
		{2805C62E-E19D-4DC7-AE32-6E4F6E8D19C3}.Debug|Any CPU.ActiveCfg = Debug|Any CPU
		{2805C62E-E19D-4DC7-AE32-6E4F6E8D19C3}.Debug|Any CPU.Build.0 = Debug|Any CPU
		{2805C62E-E19D-4DC7-AE32-6E4F6E8D19C3}.Release|Any CPU.ActiveCfg = Release|Any CPU
		{2805C62E-E19D-4DC7-AE32-6E4F6E8D19C3}.Release|Any CPU.Build.0 = Release|Any CPU
	EndGlobalSection
	GlobalSection(SolutionProperties) = preSolution
		HideSolutionNode = FALSE
	EndGlobalSection
	GlobalSection(ExtensibilityGlobals) = postSolution
		SolutionGuid = {5E8D59A7-A862-43F7-AA05-B53FFB5C614E}
	EndGlobalSection
EndGlobal
